
Microsoft Visual Studio Solution File, Format Version 12.00
# Visual Studio 2012
Project("{FAE04EC0-301F-11D3-BF4B-00C04F79EFBC}") = "GIG CLIENT", "GIG CLIENT\GIG CLIENT.csproj", "{DBA019AF-1DC6-461D-A438-F164096FF676}"
EndProject
Project("{FAE04EC0-301F-11D3-BF4B-00C04F79EFBC}") = "GIG.Client", "GIG.Client\GIG.Client.csproj", "{5988FC4A-6923-4DC2-8608-0D7344E9686F}"
EndProject
Project("{FAE04EC0-301F-11D3-BF4B-00C04F79EFBC}") = "CertInstall", "CertInstall\CertInstall.csproj", "{0AD648A7-6F8B-4E7D-9421-C06D8EB24253}"
EndProject
Global
	GlobalSection(SolutionConfigurationPlatforms) = preSolution
		Debug|Any CPU = Debug|Any CPU
		Debug|x86 = Debug|x86
		Release|Any CPU = Release|Any CPU
		Release|x86 = Release|x86
	EndGlobalSection
	GlobalSection(ProjectConfigurationPlatforms) = postSolution
		{DBA019AF-1DC6-461D-A438-F164096FF676}.Debug|Any CPU.ActiveCfg = Debug|Any CPU
		{DBA019AF-1DC6-461D-A438-F164096FF676}.Debug|Any CPU.Build.0 = Debug|Any CPU
		{DBA019AF-1DC6-461D-A438-F164096FF676}.Debug|x86.ActiveCfg = Debug|Any CPU
		{DBA019AF-1DC6-461D-A438-F164096FF676}.Release|Any CPU.ActiveCfg = Release|Any CPU
		{DBA019AF-1DC6-461D-A438-F164096FF676}.Release|Any CPU.Build.0 = Release|Any CPU
		{DBA019AF-1DC6-461D-A438-F164096FF676}.Release|x86.ActiveCfg = Release|Any CPU
		{5988FC4A-6923-4DC2-8608-0D7344E9686F}.Debug|Any CPU.ActiveCfg = Debug|Any CPU
		{5988FC4A-6923-4DC2-8608-0D7344E9686F}.Debug|Any CPU.Build.0 = Debug|Any CPU
		{5988FC4A-6923-4DC2-8608-0D7344E9686F}.Debug|x86.ActiveCfg = Debug|Any CPU
		{5988FC4A-6923-4DC2-8608-0D7344E9686F}.Release|Any CPU.ActiveCfg = Release|Any CPU
		{5988FC4A-6923-4DC2-8608-0D7344E9686F}.Release|Any CPU.Build.0 = Release|Any CPU
		{5988FC4A-6923-4DC2-8608-0D7344E9686F}.Release|x86.ActiveCfg = Release|Any CPU
		{0AD648A7-6F8B-4E7D-9421-C06D8EB24253}.Debug|Any CPU.ActiveCfg = Debug|Any CPU
		{0AD648A7-6F8B-4E7D-9421-C06D8EB24253}.Debug|Any CPU.Build.0 = Debug|Any CPU
		{0AD648A7-6F8B-4E7D-9421-C06D8EB24253}.Debug|x86.ActiveCfg = Debug|x86
		{0AD648A7-6F8B-4E7D-9421-C06D8EB24253}.Debug|x86.Build.0 = Debug|x86
		{0AD648A7-6F8B-4E7D-9421-C06D8EB24253}.Release|Any CPU.ActiveCfg = Release|Any CPU
		{0AD648A7-6F8B-4E7D-9421-C06D8EB24253}.Release|Any CPU.Build.0 = Release|Any CPU
		{0AD648A7-6F8B-4E7D-9421-C06D8EB24253}.Release|x86.ActiveCfg = Release|x86
		{0AD648A7-6F8B-4E7D-9421-C06D8EB24253}.Release|x86.Build.0 = Release|x86
	EndGlobalSection
	GlobalSection(SolutionProperties) = preSolution
		HideSolutionNode = FALSE
	EndGlobalSection
EndGlobal
